// !$*UTF8*$!
{
	archiveVersion = 1;
	classes = {
	};
	objectVersion = 55;
	objects = {

/* Begin PBXBuildFile section */
		B49B1E262BF2952D00D661BC /* AppDelegate.swift in Sources */ = {isa = PBXBuildFile; fileRef = B49B1E252BF2952D00D661BC /* AppDelegate.swift */; };
		B49B1E282BF2952D00D661BC /* SceneDelegate.swift in Sources */ = {isa = PBXBuildFile; fileRef = B49B1E272BF2952D00D661BC /* SceneDelegate.swift */; };
		B49B1E2A2BF2952D00D661BC /* ViewController.swift in Sources */ = {isa = PBXBuildFile; fileRef = B49B1E292BF2952D00D661BC /* ViewController.swift */; };
		B49B1E2D2BF2952D00D661BC /* Main.storyboard in Resources */ = {isa = PBXBuildFile; fileRef = B49B1E2B2BF2952D00D661BC /* Main.storyboard */; };
		B49B1E302BF2952D00D661BC /* SosaSoundBoard.xcdatamodeld in Sources */ = {isa = PBXBuildFile; fileRef = B49B1E2E2BF2952D00D661BC /* SosaSoundBoard.xcdatamodeld */; };
		B49B1E322BF2953300D661BC /* Assets.xcassets in Resources */ = {isa = PBXBuildFile; fileRef = B49B1E312BF2953300D661BC /* Assets.xcassets */; };
		B49B1E352BF2953300D661BC /* LaunchScreen.storyboard in Resources */ = {isa = PBXBuildFile; fileRef = B49B1E332BF2953300D661BC /* LaunchScreen.storyboard */; };
		B49B1E3D2BF29E3500D661BC /* SoundViewController.swift in Sources */ = {isa = PBXBuildFile; fileRef = B49B1E3C2BF29E3500D661BC /* SoundViewController.swift */; };
/* End PBXBuildFile section */

/* Begin PBXFileReference section */
		B49B1E222BF2952D00D661BC /* SosaSoundBoard.app */ = {isa = PBXFileReference; explicitFileType = wrapper.application; includeInIndex = 0; path = SosaSoundBoard.app; sourceTree = BUILT_PRODUCTS_DIR; };
		B49B1E252BF2952D00D661BC /* AppDelegate.swift */ = {isa = PBXFileReference; lastKnownFileType = sourcecode.swift; path = AppDelegate.swift; sourceTree = "<group>"; };
		B49B1E272BF2952D00D661BC /* SceneDelegate.swift */ = {isa = PBXFileReference; lastKnownFileType = sourcecode.swift; path = SceneDelegate.swift; sourceTree = "<group>"; };
		B49B1E292BF2952D00D661BC /* ViewController.swift */ = {isa = PBXFileReference; lastKnownFileType = sourcecode.swift; path = ViewController.swift; sourceTree = "<group>"; };
		B49B1E2C2BF2952D00D661BC /* Base */ = {isa = PBXFileReference; lastKnownFileType = file.storyboard; name = Base; path = Base.lproj/Main.storyboard; sourceTree = "<group>"; };
		B49B1E2F2BF2952D00D661BC /* SosaSoundBoard.xcdatamodel */ = {isa = PBXFileReference; lastKnownFileType = wrapper.xcdatamodel; path = SosaSoundBoard.xcdatamodel; sourceTree = "<group>"; };
		B49B1E312BF2953300D661BC /* Assets.xcassets */ = {isa = PBXFileReference; lastKnownFileType = folder.assetcatalog; path = Assets.xcassets; sourceTree = "<group>"; };
		B49B1E342BF2953300D661BC /* Base */ = {isa = PBXFileReference; lastKnownFileType = file.storyboard; name = Base; path = Base.lproj/LaunchScreen.storyboard; sourceTree = "<group>"; };
		B49B1E362BF2953300D661BC /* Info.plist */ = {isa = PBXFileReference; lastKnownFileType = text.plist.xml; path = Info.plist; sourceTree = "<group>"; };
		B49B1E3C2BF29E3500D661BC /* SoundViewController.swift */ = {isa = PBXFileReference; lastKnownFileType = sourcecode.swift; path = SoundViewController.swift; sourceTree = "<group>"; };
/* End PBXFileReference section */

/* Begin PBXFrameworksBuildPhase section */
		B49B1E1F2BF2952D00D661BC /* Frameworks */ = {
			isa = PBXFrameworksBuildPhase;
			buildActionMask = 2147483647;
			files = (
			);
			runOnlyForDeploymentPostprocessing = 0;
		};
/* End PBXFrameworksBuildPhase section */

/* Begin PBXGroup section */
		B49B1E192BF2952D00D661BC = {
			isa = PBXGroup;
			children = (
				B49B1E242BF2952D00D661BC /* SosaSoundBoard */,
				B49B1E232BF2952D00D661BC /* Products */,
			);
			sourceTree = "<group>";
		};
		B49B1E232BF2952D00D661BC /* Products */ = {
			isa = PBXGroup;
			children = (
				B49B1E222BF2952D00D661BC /* SosaSoundBoard.app */,
			);
			name = Products;
			sourceTree = "<group>";
		};
		B49B1E242BF2952D00D661BC /* SosaSoundBoard */ = {
			isa = PBXGroup;
			children = (
				B49B1E252BF2952D00D661BC /* AppDelegate.swift */,
				B49B1E272BF2952D00D661BC /* SceneDelegate.swift */,
				B49B1E292BF2952D00D661BC /* ViewController.swift */,
				B49B1E2B2BF2952D00D661BC /* Main.storyboard */,
				B49B1E3C2BF29E3500D661BC /* SoundViewController.swift */,
				B49B1E312BF2953300D661BC /* Assets.xcassets */,
				B49B1E332BF2953300D661BC /* LaunchScreen.storyboard */,
				B49B1E362BF2953300D661BC /* Info.plist */,
				B49B1E2E2BF2952D00D661BC /* SosaSoundBoard.xcdatamodeld */,
			);
			path = SosaSoundBoard;
			sourceTree = "<group>";
		};
/* End PBXGroup section */

/* Begin PBXNativeTarget section */
		B49B1E212BF2952D00D661BC /* SosaSoundBoard */ = {
			isa = PBXNativeTarget;
			buildConfigurationList = B49B1E392BF2953300D661BC /* Build configuration list for PBXNativeTarget "SosaSoundBoard" */;
			buildPhases = (
				B49B1E1E2BF2952D00D661BC /* Sources */,
				B49B1E1F2BF2952D00D661BC /* Frameworks */,
				B49B1E202BF2952D00D661BC /* Resources */,
			);
			buildRules = (
			);
			dependencies = (
			);
			name = SosaSoundBoard;
			productName = SosaSoundBoard;
			productReference = B49B1E222BF2952D00D661BC /* SosaSoundBoard.app */;
			productType = "com.apple.product-type.application";
		};
/* End PBXNativeTarget section */

/* Begin PBXProject section */
		B49B1E1A2BF2952D00D661BC /* Project object */ = {
			isa = PBXProject;
			attributes = {
				BuildIndependentTargetsInParallel = 1;
				LastSwiftUpdateCheck = 1340;
				LastUpgradeCheck = 1340;
				TargetAttributes = {
					B49B1E212BF2952D00D661BC = {
						CreatedOnToolsVersion = 13.4.1;
					};
				};
			};
			buildConfigurationList = B49B1E1D2BF2952D00D661BC /* Build configuration list for PBXProject "SosaSoundBoard" */;
			compatibilityVersion = "Xcode 13.0";
			developmentRegion = en;
			hasScannedForEncodings = 0;
			knownRegions = (
				en,
				Base,
			);
			mainGroup = B49B1E192BF2952D00D661BC;
			productRefGroup = B49B1E232BF2952D00D661BC /* Products */;
			projectDirPath = "";
			projectRoot = "";
			targets = (
				B49B1E212BF2952D00D661BC /* SosaSoundBoard */,
			);
		};
/* End PBXProject section */

/* Begin PBXResourcesBuildPhase section */
		B49B1E202BF2952D00D661BC /* Resources */ = {
			isa = PBXResourcesBuildPhase;
			buildActionMask = 2147483647;
			files = (
				B49B1E352BF2953300D661BC /* LaunchScreen.storyboard in Resources */,
				B49B1E322BF2953300D661BC /* Assets.xcassets in Resources */,
				B49B1E2D2BF2952D00D661BC /* Main.storyboard in Resources */,
			);
			runOnlyForDeploymentPostprocessing = 0;
		};
/* End PBXResourcesBuildPhase section */

/* Begin PBXSourcesBuildPhase section */
		B49B1E1E2BF2952D00D661BC /* Sources */ = {
			isa = PBXSourcesBuildPhase;
			buildActionMask = 2147483647;
			files = (
				B49B1E2A2BF2952D00D661BC /* ViewController.swift in Sources */,
				B49B1E262BF2952D00D661BC /* AppDelegate.swift in Sources */,
				B49B1E302BF2952D00D661BC /* SosaSoundBoard.xcdatamodeld in Sources */,
				B49B1E282BF2952D00D661BC /* SceneDelegate.swift in Sources */,
				B49B1E3D2BF29E3500D661BC /* SoundViewController.swift in Sources */,
			);
			runOnlyForDeploymentPostprocessing = 0;
		};
/* End PBXSourcesBuildPhase section */

/* Begin PBXVariantGroup section */
		B49B1E2B2BF2952D00D661BC /* Main.storyboard */ = {
			isa = PBXVariantGroup;
			children = (
				B49B1E2C2BF2952D00D661BC /* Base */,
			);
			name = Main.storyboard;
			sourceTree = "<group>";
		};
		B49B1E332BF2953300D661BC /* LaunchScreen.storyboard */ = {
			isa = PBXVariantGroup;
			children = (
				B49B1E342BF2953300D661BC /* Base */,
			);
			name = LaunchScreen.storyboard;
			sourceTree = "<group>";
		};
/* End PBXVariantGroup section */

/* Begin XCBuildConfiguration section */
		B49B1E372BF2953300D661BC /* Debug */ = {
			isa = XCBuildConfiguration;
			buildSettings = {
				ALWAYS_SEARCH_USER_PATHS = NO;
				CLANG_ANALYZER_NONNULL = YES;
				CLANG_ANALYZER_NUMBER_OBJECT_CONVERSION = YES_AGGRESSIVE;
				CLANG_CXX_LANGUAGE_STANDARD = "gnu++17";
				CLANG_ENABLE_MODULES = YES;
				CLANG_ENABLE_OBJC_ARC = YES;
				CLANG_ENABLE_OBJC_WEAK = YES;
				CLANG_WARN_BLOCK_CAPTURE_AUTORELEASING = YES;
				CLANG_WARN_BOOL_CONVERSION = YES;
				CLANG_WARN_COMMA = YES;
				CLANG_WARN_CONSTANT_CONVERSION = YES;
				CLANG_WARN_DEPRECATED_OBJC_IMPLEMENTATIONS = YES;
				CLANG_WARN_DIRECT_OBJC_ISA_USAGE = YES_ERROR;
				CLANG_WARN_DOCUMENTATION_COMMENTS = YES;
				CLANG_WARN_EMPTY_BODY = YES;
				CLANG_WARN_ENUM_CONVERSION = YES;
				CLANG_WARN_INFINITE_RECURSION = YES;
				CLANG_WARN_INT_CONVERSION = YES;
				CLANG_WARN_NON_LITERAL_NULL_CONVERSION = YES;
				CLANG_WARN_OBJC_IMPLICIT_RETAIN_SELF = YES;
				CLANG_WARN_OBJC_LITERAL_CONVERSION = YES;
				CLANG_WARN_OBJC_ROOT_CLASS = YES_ERROR;
				CLANG_WARN_QUOTED_INCLUDE_IN_FRAMEWORK_HEADER = YES;
				CLANG_WARN_RANGE_LOOP_ANALYSIS = YES;
				CLANG_WARN_STRICT_PROTOTYPES = YES;
				CLANG_WARN_SUSPICIOUS_MOVE = YES;
				CLANG_WARN_UNGUARDED_AVAILABILITY = YES_AGGRESSIVE;
				CLANG_WARN_UNREACHABLE_CODE = YES;
				CLANG_WARN__DUPLICATE_METHOD_MATCH = YES;
				COPY_PHASE_STRIP = NO;
				DEBUG_INFORMATION_FORMAT = dwarf;
				ENABLE_STRICT_OBJC_MSGSEND = YES;
				ENABLE_TESTABILITY = YES;
				GCC_C_LANGUAGE_STANDARD = gnu11;
				GCC_DYNAMIC_NO_PIC = NO;
				GCC_NO_COMMON_BLOCKS = YES;
				GCC_OPTIMIZATION_LEVEL = 0;
				GCC_PREPROCESSOR_DEFINITIONS = (
					"DEBUG=1",
					"$(inherited)",
				);
				GCC_WARN_64_TO_32_BIT_CONVERSION = YES;
				GCC_WARN_ABOUT_RETURN_TYPE = YES_ERROR;
				GCC_WARN_UNDECLARED_SELECTOR = YES;
				GCC_WARN_UNINITIALIZED_AUTOS = YES_AGGRESSIVE;
				GCC_WARN_UNUSED_FUNCTION = YES;
				GCC_WARN_UNUSED_VARIABLE = YES;
				IPHONEOS_DEPLOYMENT_TARGET = 15.5;
				MTL_ENABLE_DEBUG_INFO = INCLUDE_SOURCE;
				MTL_FAST_MATH = YES;
				ONLY_ACTIVE_ARCH = YES;
				SDKROOT = iphoneos;
				SWIFT_ACTIVE_COMPILATION_CONDITIONS = DEBUG;
				SWIFT_OPTIMIZATION_LEVEL = "-Onone";
			};
			name = Debug;
		};
		B49B1E382BF2953300D661BC /* Release */ = {
			isa = XCBuildConfiguration;
			buildSettings = {
				ALWAYS_SEARCH_USER_PATHS = NO;
				CLANG_ANALYZER_NONNULL = YES;
				CLANG_ANALYZER_NUMBER_OBJECT_CONVERSION = YES_AGGRESSIVE;
				CLANG_CXX_LANGUAGE_STANDARD = "gnu++17";
				CLANG_ENABLE_MODULES = YES;
				CLANG_ENABLE_OBJC_ARC = YES;
				CLANG_ENABLE_OBJC_WEAK = YES;
				CLANG_WARN_BLOCK_CAPTURE_AUTORELEASING = YES;
				CLANG_WARN_BOOL_CONVERSION = YES;
				CLANG_WARN_COMMA = YES;
				CLANG_WARN_CONSTANT_CONVERSION = YES;
				CLANG_WARN_DEPRECATED_OBJC_IMPLEMENTATIONS = YES;
				CLANG_WARN_DIRECT_OBJC_ISA_USAGE = YES_ERROR;
				CLANG_WARN_DOCUMENTATION_COMMENTS = YES;
				CLANG_WARN_EMPTY_BODY = YES;
				CLANG_WARN_ENUM_CONVERSION = YES;
				CLANG_WARN_INFINITE_RECURSION = YES;
				CLANG_WARN_INT_CONVERSION = YES;
				CLANG_WARN_NON_LITERAL_NULL_CONVERSION = YES;
				CLANG_WARN_OBJC_IMPLICIT_RETAIN_SELF = YES;
				CLANG_WARN_OBJC_LITERAL_CONVERSION = YES;
				CLANG_WARN_OBJC_ROOT_CLASS = YES_ERROR;
				CLANG_WARN_QUOTED_INCLUDE_IN_FRAMEWORK_HEADER = YES;
				CLANG_WARN_RANGE_LOOP_ANALYSIS = YES;
				CLANG_WARN_STRICT_PROTOTYPES = YES;
				CLANG_WARN_SUSPICIOUS_MOVE = YES;
				CLANG_WARN_UNGUARDED_AVAILABILITY = YES_AGGRESSIVE;
				CLANG_WARN_UNREACHABLE_CODE = YES;
				CLANG_WARN__DUPLICATE_METHOD_MATCH = YES;
				COPY_PHASE_STRIP = NO;
				DEBUG_INFORMATION_FORMAT = "dwarf-with-dsym";
				ENABLE_NS_ASSERTIONS = NO;
				ENABLE_STRICT_OBJC_MSGSEND = YES;
				GCC_C_LANGUAGE_STANDARD = gnu11;
				GCC_NO_COMMON_BLOCKS = YES;
				GCC_WARN_64_TO_32_BIT_CONVERSION = YES;
				GCC_WARN_ABOUT_RETURN_TYPE = YES_ERROR;
				GCC_WARN_UNDECLARED_SELECTOR = YES;
				GCC_WARN_UNINITIALIZED_AUTOS = YES_AGGRESSIVE;
				GCC_WARN_UNUSED_FUNCTION = YES;
				GCC_WARN_UNUSED_VARIABLE = YES;
				IPHONEOS_DEPLOYMENT_TARGET = 15.5;
				MTL_ENABLE_DEBUG_INFO = NO;
				MTL_FAST_MATH = YES;
				SDKROOT = iphoneos;
				SWIFT_COMPILATION_MODE = wholemodule;
				SWIFT_OPTIMIZATION_LEVEL = "-O";
				VALIDATE_PRODUCT = YES;
			};
			name = Release;
		};
		B49B1E3A2BF2953300D661BC /* Debug */ = {
			isa = XCBuildConfiguration;
			buildSettings = {
				ASSETCATALOG_COMPILER_APPICON_NAME = AppIcon;
				ASSETCATALOG_COMPILER_GLOBAL_ACCENT_COLOR_NAME = AccentColor;
				CODE_SIGN_STYLE = Automatic;
				CURRENT_PROJECT_VERSION = 1;
				GENERATE_INFOPLIST_FILE = YES;
				INFOPLIST_FILE = SosaSoundBoard/Info.plist;
				INFOPLIST_KEY_UIApplicationSupportsIndirectInputEvents = YES;
				INFOPLIST_KEY_UILaunchStoryboardName = LaunchScreen;
				INFOPLIST_KEY_UIMainStoryboardFile = Main;
				INFOPLIST_KEY_UISupportedInterfaceOrientations_iPad = "UIInterfaceOrientationPortrait UIInterfaceOrientationPortraitUpsideDown UIInterfaceOrientationLandscapeLeft UIInterfaceOrientationLandscapeRight";
				INFOPLIST_KEY_UISupportedInterfaceOrientations_iPhone = "UIInterfaceOrientationPortrait UIInterfaceOrientationLandscapeLeft UIInterfaceOrientationLandscapeRight";
				LD_RUNPATH_SEARCH_PATHS = (
					"$(inherited)",
					"@executable_path/Frameworks",
				);
				MARKETING_VERSION = 1.0;
				PRODUCT_BUNDLE_IDENTIFIER = com.empresa.SosaSoundBoard;
				PRODUCT_NAME = "$(TARGET_NAME)";
				SWIFT_EMIT_LOC_STRINGS = YES;
				SWIFT_VERSION = 5.0;
				TARGETED_DEVICE_FAMILY = "1,2";
			};
			name = Debug;
		};
		B49B1E3B2BF2953300D661BC /* Release */ = {
			isa = XCBuildConfiguration;
			buildSettings = {
				ASSETCATALOG_COMPILER_APPICON_NAME = AppIcon;
				ASSETCATALOG_COMPILER_GLOBAL_ACCENT_COLOR_NAME = AccentColor;
				CODE_SIGN_STYLE = Automatic;
				CURRENT_PROJECT_VERSION = 1;
				GENERATE_INFOPLIST_FILE = YES;
				INFOPLIST_FILE = SosaSoundBoard/Info.plist;
				INFOPLIST_KEY_UIApplicationSupportsIndirectInputEvents = YES;
				INFOPLIST_KEY_UILaunchStoryboardName = LaunchScreen;
				INFOPLIST_KEY_UIMainStoryboardFile = Main;
				INFOPLIST_KEY_UISupportedInterfaceOrientations_iPad = "UIInterfaceOrientationPortrait UIInterfaceOrientationPortraitUpsideDown UIInterfaceOrientationLandscapeLeft UIInterfaceOrientationLandscapeRight";
				INFOPLIST_KEY_UISupportedInterfaceOrientations_iPhone = "UIInterfaceOrientationPortrait UIInterfaceOrientationLandscapeLeft UIInterfaceOrientationLandscapeRight";
				LD_RUNPATH_SEARCH_PATHS = (
					"$(inherited)",
					"@executable_path/Frameworks",
				);
				MARKETING_VERSION = 1.0;
				PRODUCT_BUNDLE_IDENTIFIER = com.empresa.SosaSoundBoard;
				PRODUCT_NAME = "$(TARGET_NAME)";
				SWIFT_EMIT_LOC_STRINGS = YES;
				SWIFT_VERSION = 5.0;
				TARGETED_DEVICE_FAMILY = "1,2";
			};
			name = Release;
		};
/* End XCBuildConfiguration section */

/* Begin XCConfigurationList section */
		B49B1E1D2BF2952D00D661BC /* Build configuration list for PBXProject "SosaSoundBoard" */ = {
			isa = XCConfigurationList;
			buildConfigurations = (
				B49B1E372BF2953300D661BC /* Debug */,
				B49B1E382BF2953300D661BC /* Release */,
			);
			defaultConfigurationIsVisible = 0;
			defaultConfigurationName = Release;
		};
		B49B1E392BF2953300D661BC /* Build configuration list for PBXNativeTarget "SosaSoundBoard" */ = {
			isa = XCConfigurationList;
			buildConfigurations = (
				B49B1E3A2BF2953300D661BC /* Debug */,
				B49B1E3B2BF2953300D661BC /* Release */,
			);
			defaultConfigurationIsVisible = 0;
			defaultConfigurationName = Release;
		};
/* End XCConfigurationList section */

/* Begin XCVersionGroup section */
		B49B1E2E2BF2952D00D661BC /* SosaSoundBoard.xcdatamodeld */ = {
			isa = XCVersionGroup;
			children = (
				B49B1E2F2BF2952D00D661BC /* SosaSoundBoard.xcdatamodel */,
			);
			currentVersion = B49B1E2F2BF2952D00D661BC /* SosaSoundBoard.xcdatamodel */;
			path = SosaSoundBoard.xcdatamodeld;
			sourceTree = "<group>";
			versionGroupType = wrapper.xcdatamodel;
		};
/* End XCVersionGroup section */
	};
	rootObject = B49B1E1A2BF2952D00D661BC /* Project object */;
}
